
Microsoft Visual Studio Solution File, Format Version 12.00
# Visual Studio 2015
Project("{FAE04EC0-301F-11D3-BF4B-00C04F79EFBC}") = "Cube_RTS.CSharp.Plugins", "Cube_RTS.CSharp.Plugins.csproj", "{D6DDF616-6498-FFBF-3A8B-D3181D3BE363}"
EndProject
Project("{FAE04EC0-301F-11D3-BF4B-00C04F79EFBC}") = "Cube_RTS.CSharp", "Cube_RTS.CSharp.csproj", "{0C5854B9-E60C-280A-16A7-C0A0519F17A0}"
EndProject
Project("{FAE04EC0-301F-11D3-BF4B-00C04F79EFBC}") = "Cube_RTS.CSharp.Editor", "Cube_RTS.CSharp.Editor.csproj", "{093B1CBB-60C7-D5DC-EADB-6C0942AB69CA}"
EndProject
Global
	GlobalSection(SolutionConfigurationPlatforms) = preSolution
		Debug|Any CPU = Debug|Any CPU
		Release|Any CPU = Release|Any CPU
	EndGlobalSection
	GlobalSection(ProjectConfigurationPlatforms) = postSolution
		{D6DDF616-6498-FFBF-3A8B-D3181D3BE363}.Debug|Any CPU.ActiveCfg = Debug|Any CPU
		{D6DDF616-6498-FFBF-3A8B-D3181D3BE363}.Debug|Any CPU.Build.0 = Debug|Any CPU
		{D6DDF616-6498-FFBF-3A8B-D3181D3BE363}.Release|Any CPU.ActiveCfg = Release|Any CPU
		{D6DDF616-6498-FFBF-3A8B-D3181D3BE363}.Release|Any CPU.Build.0 = Release|Any CPU
		{0C5854B9-E60C-280A-16A7-C0A0519F17A0}.Debug|Any CPU.ActiveCfg = Debug|Any CPU
		{0C5854B9-E60C-280A-16A7-C0A0519F17A0}.Debug|Any CPU.Build.0 = Debug|Any CPU
		{0C5854B9-E60C-280A-16A7-C0A0519F17A0}.Release|Any CPU.ActiveCfg = Release|Any CPU
		{0C5854B9-E60C-280A-16A7-C0A0519F17A0}.Release|Any CPU.Build.0 = Release|Any CPU
		{093B1CBB-60C7-D5DC-EADB-6C0942AB69CA}.Debug|Any CPU.ActiveCfg = Debug|Any CPU
		{093B1CBB-60C7-D5DC-EADB-6C0942AB69CA}.Debug|Any CPU.Build.0 = Debug|Any CPU
		{093B1CBB-60C7-D5DC-EADB-6C0942AB69CA}.Release|Any CPU.ActiveCfg = Release|Any CPU
		{093B1CBB-60C7-D5DC-EADB-6C0942AB69CA}.Release|Any CPU.Build.0 = Release|Any CPU
	EndGlobalSection
	GlobalSection(SolutionProperties) = preSolution
		HideSolutionNode = FALSE
	EndGlobalSection
EndGlobal
